
Microsoft Visual Studio Solution File, Format Version 12.00
# Visual Studio Version 17
VisualStudioVersion = 17.1.32421.90
MinimumVisualStudioVersion = 10.0.40219.1
Project("{FAE04EC0-301F-11D3-BF4B-00C04F79EFBC}") = "Question7", "Question7.csproj", "{C9386170-E91E-4154-B60C-CD1CF52C2A5F}"
EndProject
Global
	GlobalSection(SolutionConfigurationPlatforms) = preSolution
		Debug|Any CPU = Debug|Any CPU
		Release|Any CPU = Release|Any CPU
	EndGlobalSection
	GlobalSection(ProjectConfigurationPlatforms) = postSolution
		{C9386170-E91E-4154-B60C-CD1CF52C2A5F}.Debug|Any CPU.ActiveCfg = Debug|Any CPU
		{C9386170-E91E-4154-B60C-CD1CF52C2A5F}.Debug|Any CPU.Build.0 = Debug|Any CPU
		{C9386170-E91E-4154-B60C-CD1CF52C2A5F}.Release|Any CPU.ActiveCfg = Release|Any CPU
		{C9386170-E91E-4154-B60C-CD1CF52C2A5F}.Release|Any CPU.Build.0 = Release|Any CPU
	EndGlobalSection
	GlobalSection(SolutionProperties) = preSolution
		HideSolutionNode = FALSE
	EndGlobalSection
	GlobalSection(ExtensibilityGlobals) = postSolution
		SolutionGuid = {A7257031-8E10-44B8-9CD9-CAD858F007B9}
	EndGlobalSection
EndGlobal
