
Microsoft Visual Studio Solution File, Format Version 12.00
# Visual Studio Version 17
VisualStudioVersion = 17.1.32421.90
MinimumVisualStudioVersion = 10.0.40219.1
Project("{FAE04EC0-301F-11D3-BF4B-00C04F79EFBC}") = "Question5", "Question5.csproj", "{2B88CF8A-CE67-468D-81B1-4476EB727360}"
EndProject
Global
	GlobalSection(SolutionConfigurationPlatforms) = preSolution
		Debug|Any CPU = Debug|Any CPU
		Release|Any CPU = Release|Any CPU
	EndGlobalSection
	GlobalSection(ProjectConfigurationPlatforms) = postSolution
		{2B88CF8A-CE67-468D-81B1-4476EB727360}.Debug|Any CPU.ActiveCfg = Debug|Any CPU
		{2B88CF8A-CE67-468D-81B1-4476EB727360}.Debug|Any CPU.Build.0 = Debug|Any CPU
		{2B88CF8A-CE67-468D-81B1-4476EB727360}.Release|Any CPU.ActiveCfg = Release|Any CPU
		{2B88CF8A-CE67-468D-81B1-4476EB727360}.Release|Any CPU.Build.0 = Release|Any CPU
	EndGlobalSection
	GlobalSection(SolutionProperties) = preSolution
		HideSolutionNode = FALSE
	EndGlobalSection
	GlobalSection(ExtensibilityGlobals) = postSolution
		SolutionGuid = {25F75F88-704F-4E32-AE7A-49C426CC5EC6}
	EndGlobalSection
EndGlobal
