
Microsoft Visual Studio Solution File, Format Version 12.00
# Visual Studio Version 17
VisualStudioVersion = 17.1.32421.90
MinimumVisualStudioVersion = 10.0.40219.1
Project("{FAE04EC0-301F-11D3-BF4B-00C04F79EFBC}") = "Question5", "Question5.csproj", "{9BE51C3F-0D17-4E9C-806C-5F873BB4452E}"
EndProject
Global
	GlobalSection(SolutionConfigurationPlatforms) = preSolution
		Debug|Any CPU = Debug|Any CPU
		Release|Any CPU = Release|Any CPU
	EndGlobalSection
	GlobalSection(ProjectConfigurationPlatforms) = postSolution
		{9BE51C3F-0D17-4E9C-806C-5F873BB4452E}.Debug|Any CPU.ActiveCfg = Debug|Any CPU
		{9BE51C3F-0D17-4E9C-806C-5F873BB4452E}.Debug|Any CPU.Build.0 = Debug|Any CPU
		{9BE51C3F-0D17-4E9C-806C-5F873BB4452E}.Release|Any CPU.ActiveCfg = Release|Any CPU
		{9BE51C3F-0D17-4E9C-806C-5F873BB4452E}.Release|Any CPU.Build.0 = Release|Any CPU
	EndGlobalSection
	GlobalSection(SolutionProperties) = preSolution
		HideSolutionNode = FALSE
	EndGlobalSection
	GlobalSection(ExtensibilityGlobals) = postSolution
		SolutionGuid = {3AF85D87-2E1D-4B83-9E76-CB2544D64839}
	EndGlobalSection
EndGlobal
