
Microsoft Visual Studio Solution File, Format Version 12.00
# Visual Studio Version 17
VisualStudioVersion = 17.1.32421.90
MinimumVisualStudioVersion = 10.0.40219.1
Project("{FAE04EC0-301F-11D3-BF4B-00C04F79EFBC}") = "Question4", "Question4.csproj", "{A05CC54B-86B7-41C1-A515-0CBC625393A4}"
EndProject
Global
	GlobalSection(SolutionConfigurationPlatforms) = preSolution
		Debug|Any CPU = Debug|Any CPU
		Release|Any CPU = Release|Any CPU
	EndGlobalSection
	GlobalSection(ProjectConfigurationPlatforms) = postSolution
		{A05CC54B-86B7-41C1-A515-0CBC625393A4}.Debug|Any CPU.ActiveCfg = Debug|Any CPU
		{A05CC54B-86B7-41C1-A515-0CBC625393A4}.Debug|Any CPU.Build.0 = Debug|Any CPU
		{A05CC54B-86B7-41C1-A515-0CBC625393A4}.Release|Any CPU.ActiveCfg = Release|Any CPU
		{A05CC54B-86B7-41C1-A515-0CBC625393A4}.Release|Any CPU.Build.0 = Release|Any CPU
	EndGlobalSection
	GlobalSection(SolutionProperties) = preSolution
		HideSolutionNode = FALSE
	EndGlobalSection
	GlobalSection(ExtensibilityGlobals) = postSolution
		SolutionGuid = {885EEA5E-10C2-4D36-AB8E-217A04A76C8E}
	EndGlobalSection
EndGlobal
