
Microsoft Visual Studio Solution File, Format Version 12.00
# Visual Studio Version 17
VisualStudioVersion = 17.1.32421.90
MinimumVisualStudioVersion = 10.0.40219.1
Project("{FAE04EC0-301F-11D3-BF4B-00C04F79EFBC}") = "Question4", "Question4.csproj", "{C1B2D288-D07B-46ED-A9B0-CB617B8A7BC2}"
EndProject
Global
	GlobalSection(SolutionConfigurationPlatforms) = preSolution
		Debug|Any CPU = Debug|Any CPU
		Release|Any CPU = Release|Any CPU
	EndGlobalSection
	GlobalSection(ProjectConfigurationPlatforms) = postSolution
		{C1B2D288-D07B-46ED-A9B0-CB617B8A7BC2}.Debug|Any CPU.ActiveCfg = Debug|Any CPU
		{C1B2D288-D07B-46ED-A9B0-CB617B8A7BC2}.Debug|Any CPU.Build.0 = Debug|Any CPU
		{C1B2D288-D07B-46ED-A9B0-CB617B8A7BC2}.Release|Any CPU.ActiveCfg = Release|Any CPU
		{C1B2D288-D07B-46ED-A9B0-CB617B8A7BC2}.Release|Any CPU.Build.0 = Release|Any CPU
	EndGlobalSection
	GlobalSection(SolutionProperties) = preSolution
		HideSolutionNode = FALSE
	EndGlobalSection
	GlobalSection(ExtensibilityGlobals) = postSolution
		SolutionGuid = {58EB5D16-0D17-439C-B404-5D22D3043BC4}
	EndGlobalSection
EndGlobal
