
Microsoft Visual Studio Solution File, Format Version 12.00
# Visual Studio Version 17
VisualStudioVersion = 17.1.32421.90
MinimumVisualStudioVersion = 10.0.40219.1
Project("{FAE04EC0-301F-11D3-BF4B-00C04F79EFBC}") = "Question6", "Question6.csproj", "{941FCE99-5F7D-4261-9FD5-A5E48B1A9295}"
EndProject
Global
	GlobalSection(SolutionConfigurationPlatforms) = preSolution
		Debug|Any CPU = Debug|Any CPU
		Release|Any CPU = Release|Any CPU
	EndGlobalSection
	GlobalSection(ProjectConfigurationPlatforms) = postSolution
		{941FCE99-5F7D-4261-9FD5-A5E48B1A9295}.Debug|Any CPU.ActiveCfg = Debug|Any CPU
		{941FCE99-5F7D-4261-9FD5-A5E48B1A9295}.Debug|Any CPU.Build.0 = Debug|Any CPU
		{941FCE99-5F7D-4261-9FD5-A5E48B1A9295}.Release|Any CPU.ActiveCfg = Release|Any CPU
		{941FCE99-5F7D-4261-9FD5-A5E48B1A9295}.Release|Any CPU.Build.0 = Release|Any CPU
	EndGlobalSection
	GlobalSection(SolutionProperties) = preSolution
		HideSolutionNode = FALSE
	EndGlobalSection
	GlobalSection(ExtensibilityGlobals) = postSolution
		SolutionGuid = {4E1B2726-1A5F-4862-BA9D-A545BFAD600F}
	EndGlobalSection
EndGlobal
